{
  "name": "kc",
  "version": "1.0.0",
  "lockfileVersion": 1,
  "requires": true,
  "dependencies": {
    "@types/debug": {
      "version": "0.0.30",
      "resolved": "https://registry.npmjs.org/@types/debug/-/debug-0.0.30.tgz",
      "integrity": "sha512-orGL5LXERPYsLov6CWs3Fh6203+dXzJkR7OnddIr2514Hsecwc8xRpzCapshBbKFImCsvS/mk6+FWiN5LyZJAQ=="
    },
    "bluebird": {
      "version": "3.5.3",
      "resolved": "https://registry.npmjs.org/bluebird/-/bluebird-3.5.3.tgz",
      "integrity": "sha512-/qKPUQlaW1OyR51WeCPBvRnAlnZFUJkCSG5HzGnuIqhgyJtF+T94lFnn33eiazjRm2LAHVy2guNnaq48X9SJuw=="
    },
    "camelize": {
      "version": "1.0.0",
      "resolved": "https://registry.npmjs.org/camelize/-/camelize-1.0.0.tgz",
      "integrity": "sha1-FkpUg+Yw+kMh5a8HAg5TGDGyYJs="
    },
    "colorz": {
      "version": "0.1.9",
      "resolved": "https://registry.npmjs.org/colorz/-/colorz-0.1.9.tgz",
      "integrity": "sha1-MmJtPmTx+FrYjm52wz5P4aecccg="
    },
    "debug": {
      "version": "3.2.6",
      "resolved": "https://registry.npmjs.org/debug/-/debug-3.2.6.tgz",
      "integrity": "sha512-mel+jf7nrtEl5Pn1Qx46zARXKDpBbvzezse7p7LqINmdoIk8PYP5SySaxEmYv6TZ0JyEKA1hsCId6DIhgITtWQ==",
      "requires": {
        "ms": "^2.1.1"
      }
    },
    "follow-redirects": {
      "version": "1.14.8",
      "resolved": "https://registry.npmjs.org/follow-redirects/-/follow-redirects-1.14.8.tgz",
      "integrity": "sha512-1x0S9UVJHsQprFcEC/qnNzBLcIxsjAV905f/UkQxbclCsoTWlacCNOpQa/anodLl2uaEKFhfWOvM2Qg77+15zA=="
    },
    "is-buffer": {
      "version": "1.1.6",
      "resolved": "https://registry.npmjs.org/is-buffer/-/is-buffer-1.1.6.tgz",
      "integrity": "sha512-NcdALwpXkTm5Zvvbk7owOUSvVvBKDgKP5/ewfXEznmQFfs4ZRmanOeKBTjRVjka3QFoN6XJ+9F3USqfHqTaU5w=="
    },
    "json-colorz": {
      "version": "0.2.7",
      "resolved": "https://registry.npmjs.org/json-colorz/-/json-colorz-0.2.7.tgz",
      "integrity": "sha1-HvstLc5+tDSWIEuvRJCUf19Jww4=",
      "requires": {
        "colorz": "^0.1.9"
      }
    },
    "keycloak-admin": {
      "version": "1.10.0",
      "resolved": "https://registry.npmjs.org/keycloak-admin/-/keycloak-admin-1.10.0.tgz",
      "integrity": "sha512-n4C2GfA4G/LmI3yBkE0dDKOpyfCzHQ/mGPhA+pNhJ3u54fUdxHaXH1eGhHZ9WaM24F2mxJsz5a5kei4o+/Q4dg==",
      "requires": {
        "@types/debug": "^0.0.30",
        "axios": "^0.18.0",
        "bluebird": "^3.5.1",
        "camelize": "^1.0.0",
        "debug": "^3.1.0",
        "lodash": "^4.17.10",
        "url-join": "^4.0.0",
        "url-template": "^2.0.8"
      },
      "dependencies": {
        "axios": {
          "version": "0.18.0",
          "resolved": "https://registry.npmjs.org/axios/-/axios-0.18.0.tgz",
          "integrity": "sha1-MtU+SFHv3AoRmTts0AB4nXDAUQI=",
          "requires": {
            "follow-redirects": "^1.3.0",
            "is-buffer": "^1.1.5"
          }
        },
        "lodash": {
          "version": "4.17.11",
          "resolved": "https://registry.npmjs.org/lodash/-/lodash-4.17.11.tgz",
          "integrity": "sha512-cQKh8igo5QUhZ7lg38DYWAxMvjSAKG0A8wGSVimP07SIUEK2UO+arSRKbRZWtelMtN5V0Hkwh5ryOto/SshYIg=="
        }
      }
    },
    "ms": {
      "version": "2.1.1",
      "resolved": "https://registry.npmjs.org/ms/-/ms-2.1.1.tgz",
      "integrity": "sha512-tgp+dl5cGk28utYktBsrFqA7HKgrhgPsg6Z/EfhWI4gl1Hwq8B/GmY/0oXZ6nF8hDVesS/FpnYaD/kOWhYQvyg=="
    },
    "qoa": {
      "version": "0.2.0",
      "resolved": "https://registry.npmjs.org/qoa/-/qoa-0.2.0.tgz",
      "integrity": "sha512-svEO3uevNU354fUBWgMxGJH0spF29EZRe140YL20PP+5C25V+u0eMeFforSIiop2879uXgxI+IFwibHBGcseEA=="
    },
    "url-join": {
      "version": "4.0.0",
      "resolved": "https://registry.npmjs.org/url-join/-/url-join-4.0.0.tgz",
      "integrity": "sha1-TTNA6AfTdzvamZH4MFrNzCpmXSo="
    },
    "url-template": {
      "version": "2.0.8",
      "resolved": "https://registry.npmjs.org/url-template/-/url-template-2.0.8.tgz",
      "integrity": "sha1-/FZaPMy/93MMd19WQflVV5FDnyE="
    }
  }
}
